version = 1
revision = 3
requires-python = "==3.12.*"

[[package]]
name = "altgraph"
version = "0.17.5"
source = { registry = "https://pypi.org/simple" }
sdist = { url = "https://files.pythonhosted.org/packages/7e/f8/97fdf103f38fed6792a1601dbc16cc8aac56e7459a9fff08c812d8ae177a/altgraph-0.17.5.tar.gz", hash = "sha256:c87b395dd12fabde9c99573a9749d67da8d29ef9de0125c7f536699b4a9bc9e7", size = 48428, upload-time = "2025-11-21T20:35:50.583Z" }
wheels = [
    { url = "https://files.pythonhosted.org/packages/a9/ba/000a1996d4308bc65120167c21241a3b205464a2e0b58deda26ae8ac21d1/altgraph-0.17.5-py2.py3-none-any.whl", hash = "sha256:f3a22400bce1b0c701683820ac4f3b159cd301acab067c51c653e06961600597", size = 21228, upload-time = "2025-11-21T20:35:49.444Z" },
]

[[package]]
name = "annotated-types"
version = "0.8.0"
source = { registry = "https://pypi.org/simple" }
sdist = { url = "https://files.pythonhosted.org/packages/5f/56/a8120250d128bed162cd73c76d45f6ef9991f3e068f62a8ee060afa3104a/annotated_types-0.8.0.tar.gz", hash = "sha256:13b2beaad985e05e2d6407ee4c4f35590b11f8d693a258a561055cac8f64cab7", size = 15893, upload-time = "2026-07-23T20:16:13.995Z" }
wheels = [
    { url = "https://files.pythonhosted.org/packages/99/91/8acff4f5e50511b911bbccb72b8628a49c68ce14148cd9f6431094859a90/annotated_types-0.8.0-py3-none-any.whl", hash = "sha256:f072f4d804ea359e4eaf198b1af7a8b0943881a87f31bb764f8bf219bb9419e0", size = 13427, upload-time = "2026-07-23T20:16:12.938Z" },
]

[[package]]
name = "anyio"
version = "4.15.1"
source = { registry = "https://pypi.org/simple" }
dependencies = [
    { name = "idna" },
    { name = "typing-extensions" },
]
sdist = { url = "https://files.pythonhosted.org/packages/a9/d2/f4d173e22df740bc37b1db102b386ba719b66e95b0f0d751f556b387e6d2/anyio-4.15.1.tar.gz", hash = "sha256:9f28306018cbd6d329e64a36d58256edff76dd996fe423bc957326e578b82a94", size = 276966, upload-time = "2026-09-05T10:42:39.44Z" }
wheels = [
    { url = "https://files.pythonhosted.org/packages/12/b8/4bd346e22b28902df4d651910f5242c28d84e4a5c2435ca5c3f797ed7e2e/anyio-4.15.1-py3-none-any.whl", hash = "sha256:6152fdbbf9a77fdec97731721bebf7c4c44f7c29b424b0065826173efc7ed101", size = 132079, upload-time = "2026-09-05T10:42:37.923Z" },
]

[[package]]
name = "certifi"
version = "2026.7.22"
source = { registry = "https://pypi.org/simple" }
sdist = { url = "https://files.pythonhosted.org/packages/a3/c2/24167ea9858356b47a87a50d39908bfdb72ceeefe0041586e704e5376b3a/certifi-2026.7.22.tar.gz", hash = "sha256:741e2c3b351ddf169a738da9f2c048608ff7f2c5cc02f1ebc6b118bb090d5d55", size = 138112, upload-time = "2026-07-22T03:35:12.644Z" }
wheels = [
    { url = "https://files.pythonhosted.org/packages/0b/a7/71ac2cff56fec219ed242bb11b8efb69fcc4bec75db06fb7bfe35de520e6/certifi-2026.7.22-py3-none-any.whl", hash = "sha256:62f22742b58a1a33014a2b6b706588a8d7e2a88ae7bd1a6ebe8c992928483775", size = 136983, upload-time = "2026-07-22T03:35:11.276Z" },
]

[[package]]
name = "click"
version = "8.5.0"
source = { registry = "https://pypi.org/simple" }
sdist = { url = "https://files.pythonhosted.org/packages/c7/0e/7fa0ef50764b67090eca4114772a2abf8b6148198475e54c660b97caeee6/click-8.5.0.tar.gz", hash = "sha256:ba0d2089de75ea0310e2dde03160e6ca10009947fb95a182f9b54021bb272e34", size = 382235, upload-time = "2026-08-26T13:33:14.56Z" }
wheels = [
    { url = "https://files.pythonhosted.org/packages/58/50/6c0d534c5f134586a8e1ba4e330569e32f057e33372ae556463212fb4cd3/click-8.5.0-py3-none-any.whl", hash = "sha256:255bc9599cf7748b4b1a446ccc735421bd08a2ae529a8b88597d3de5664ee360", size = 125251, upload-time = "2026-08-26T13:33:12.928Z" },
]

[[package]]
name = "colorama"
version = "0.4.6"
source = { registry = "https://pypi.org/simple" }
sdist = { url = "https://files.pythonhosted.org/packages/d8/53/6f443c9a4a8358a93a6792e2acffb9d9d5cb0a5cfd8802644b7b1c9a02e4/colorama-0.4.6.tar.gz", hash = "sha256:08695f5cb7ed6e0531a20572697297273c47b8cae5a63ffc6d6ed5c201be6e44", size = 27697, upload-time = "2022-10-25T02:36:22.414Z" }
wheels = [
    { url = "https://files.pythonhosted.org/packages/d1/d6/3965ed04c63042e047cb6a3e6ed1a63a35087b6a609aa3a15ed8ac56c221/colorama-0.4.6-py2.py3-none-any.whl", hash = "sha256:4f1d9991f5acc0ca119f9d443620b77f9d6b33703e51011c16baf57afb285fc6", size = 25335, upload-time = "2022-10-25T02:36:20.889Z" },
]

[[package]]
name = "coverage"
version = "7.16.1"
source = { registry = "https://pypi.org/simple" }
sdist = { url = "https://files.pythonhosted.org/packages/65/2d/c738872f477f5687152acae68635790387425d407ae37dd3d3a8a6692307/coverage-7.16.1.tar.gz", hash = "sha256:f83981779bcf9dfa06fa0a8d4cb43e0faec1706328ce07aa3e7b665b4ac0f210", size = 969651, upload-time = "2026-09-13T19:12:21.422Z" }
wheels = [
    { url = "https://files.pythonhosted.org/packages/1a/f7/7cd4c9f2a3b7574414222ec425d5eee21cc690d867a013315e3be8ba185c/coverage-7.16.1-cp312-cp312-macosx_10_13_x86_64.whl", hash = "sha256:b7f2c26ce6ce0b1e0ca0d5fae96ea510e3a2e78b7207f06e76b7f2c87fa3d0af", size = 223475, upload-time = "2026-09-13T19:09:10.145Z" },
    { url = "https://files.pythonhosted.org/packages/3e/f2/9ac65f9cedd43f91e2d3657c11f13aef82aebae89b2243dc9e44fe58a740/coverage-7.16.1-cp312-cp312-macosx_11_0_arm64.whl", hash = "sha256:070acb9da788dff743a4d36fc015feee12d68f0349959017542017c79f59c21c", size = 223845, upload-time = "2026-09-13T19:09:11.988Z" },
    { url = "https://files.pythonhosted.org/packages/62/4d/f13db452d4367fe1122abfd98ae330596f65a3b40498f8e1a5811f68f123/coverage-7.16.1-cp312-cp312-manylinux1_i686.manylinux_2_28_i686.manylinux_2_5_i686.whl", hash = "sha256:e366587b370bc9b8b51b7b7272c610c56db5d5b4795b9e4a29d28ff2f440f809", size = 255341, upload-time = "2026-09-13T19:09:13.708Z" },
    { url = "https://files.pythonhosted.org/packages/5d/6b/85ed86e82835a96ddfbe7705c387c28ce1cbbecd1b6d606f5ddfeeb712df/coverage-7.16.1-cp312-cp312-manylinux1_x86_64.manylinux_2_28_x86_64.manylinux_2_5_x86_64.whl", hash = "sha256:e82e10b9d290f60b63459cfb245a841aec347603997206296b93881463a93dcf", size = 258078, upload-time = "2026-09-13T19:09:15.368Z" },
    { url = "https://files.pythonhosted.org/packages/cd/d2/f66945853d850b9c05f4e012e37396f1f31d0cd40d062394b229c22e7b56/coverage-7.16.1-cp312-cp312-manylinux2014_aarch64.manylinux_2_17_aarch64.manylinux_2_28_aarch64.whl", hash = "sha256:3d73bb1f85c4150ac208fb0755beb04b2e44897bad81414de9380f98dd74729f", size = 259191, upload-time = "2026-09-13T19:09:17.046Z" },
    { url = "https://files.pythonhosted.org/packages/77/a1/7b907abe62461f289035c7ac60ab3e6334efb8c425151aac4abfa0c97820/coverage-7.16.1-cp312-cp312-manylinux2014_ppc64le.manylinux_2_17_ppc64le.manylinux_2_28_ppc64le.whl", hash = "sha256:3397b9032553d281ad6a9253b12675b65e0cc8cd7a3b0633cf48872c9eb13360", size = 261452, upload-time = "2026-09-13T19:09:18.756Z" },
    { url = "https://files.pythonhosted.org/packages/51/e6/e26f4d6b1069a2a2fee3238a132f85c5b4c1dc25aebd88e015451ff0bd68/coverage-7.16.1-cp312-cp312-manylinux_2_31_riscv64.manylinux_2_39_riscv64.whl", hash = "sha256:77890395cf37026a5907d3ad32376aa51f41c0f163b7477fdbd4f94966cc1d08", size = 255698, upload-time = "2026-09-13T19:09:20.786Z" },
    { url = "https://files.pythonhosted.org/packages/7f/ec/99db7450e813050ebce300e31bbd4f997c76a8c6e3a6d168c5dffc104109/coverage-7.16.1-cp312-cp312-musllinux_1_2_aarch64.whl", hash = "sha256:b0944dc3bee3091039bf970d73caaf930c906013128a421bdc132e797494d941", size = 257111, upload-time = "2026-09-13T19:09:22.693Z" },
    { url = "https://files.pythonhosted.org/packages/2e/9d/500df9d3cd8c541ac84b5e0bcab00646be75654e05aa34e8410ec851282d/coverage-7.16.1-cp312-cp312-musllinux_1_2_i686.whl", hash = "sha256:b89d22a89d5bc05dd95b64e08295b8394aa96dc88e08f8ba210c9ebfebbe0489", size = 255258, upload-time = "2026-09-13T19:09:24.429Z" },
    { url = "https://files.pythonhosted.org/packages/c0/24/53318d96da332bb4946f8ac646fa19fd37fecbd0c49144735c716ac69bf0/coverage-7.16.1-cp312-cp312-musllinux_1_2_ppc64le.whl", hash = "sha256:550a2a1faf7559f13d5344f12d1eb886ad87955155d7dfab2a3fe5c8ec8fe776", size = 259326, upload-time = "2026-09-13T19:09:26.32Z" },
    { url = "https://files.pythonhosted.org/packages/c5/ce/abc0462b2e6ae96ae22197d2bc30fe33b6b4e52937e782745436ceb2a761/coverage-7.16.1-cp312-cp312-musllinux_1_2_riscv64.whl", hash = "sha256:55eb268e5b81aefac759766c9162625b06c1bedb7b77d936225bafc4f038a6f6", size = 254827, upload-time = "2026-09-13T19:09:28.191Z" },
    { url = "https://files.pythonhosted.org/packages/8b/e1/0a04eedaaf19196b51f0180968134228c7646e469ed29914e48690a7cf3e/coverage-7.16.1-cp312-cp312-musllinux_1_2_x86_64.whl", hash = "sha256:65a8fc80898c9ce59f04349fe8b4849b1f9787f14e52ead990e5f849ff4727a0", size = 256698, upload-time = "2026-09-13T19:09:29.922Z" },
    { url = "https://files.pythonhosted.org/packages/de/1d/d441a55cf22ce9d8e9e34814806c47441ab844bd534e0f4b64e1c6ae8bd1/coverage-7.16.1-cp312-cp312-win32.whl", hash = "sha256:528a61be40977c340cf201d23b69bd6a6bab507da60e9dbda85f8b30e935d70d", size = 225541, upload-time = "2026-09-13T19:09:31.752Z" },
    { url = "https://files.pythonhosted.org/packages/73/27/ec3d032375735dd331477caa051419678079ff90fcb53d0284a6c2bfb757/coverage-7.16.1-cp312-cp312-win_amd64.whl", hash = "sha256:d0f02c633630e2b74522108ee95a84ad6e1204a8016a6cca5297f335ea27147e", size = 226075, upload-time = "2026-09-13T19:09:33.556Z" },
    { url = "https://files.pythonhosted.org/packages/94/00/90e9f5c4434878494306b9c0ee8068ebbd829483737d8cefccc58884d728/coverage-7.16.1-cp312-cp312-win_arm64.whl", hash = "sha256:2959978f9d1d20a2c0c15d0a68baaeccf615ac1aa214cf4a05a10d6f568926c8", size = 225461, upload-time = "2026-09-13T19:09:35.48Z" },
    { url = "https://files.pythonhosted.org/packages/96/1a/d6d16babd0a5fe4c3fae40702158c570351694e74516d8d81b86c5637448/coverage-7.16.1-py3-none-any.whl", hash = "sha256:3d8bd4e58b6a5c2018d808f297905393c6c61da466a48c3f0596a76a4900ebe4", size = 215264, upload-time = "2026-09-13T19:12:18.895Z" },
]

[[package]]
name = "fastapi"
version = "0.115.6"
source = { registry = "https://pypi.org/simple" }
dependencies = [
    { name = "pydantic" },
    { name = "starlette" },
    { name = "typing-extensions" },
]
sdist = { url = "https://files.pythonhosted.org/packages/93/72/d83b98cd106541e8f5e5bfab8ef2974ab45a62e8a6c5b5e6940f26d2ed4b/fastapi-0.115.6.tar.gz", hash = "sha256:9ec46f7addc14ea472958a96aae5b5de65f39721a46aaf5705c480d9a8b76654", size = 301336, upload-time = "2024-12-03T22:46:01.629Z" }
wheels = [
    { url = "https://files.pythonhosted.org/packages/52/b3/7e4df40e585df024fac2f80d1a2d579c854ac37109675db2b0cc22c0bb9e/fastapi-0.115.6-py3-none-any.whl", hash = "sha256:e9240b29e36fa8f4bb7290316988e90c381e5092e0cbe84e7818cc3713bcf305", size = 94843, upload-time = "2024-12-03T22:45:59.368Z" },
]

[[package]]
name = "h11"
version = "0.16.0"
source = { registry = "https://pypi.org/simple" }
sdist = { url = "https://files.pythonhosted.org/packages/01/ee/02a2c011bdab74c6fb3c75474d40b3052059d95df7e73351460c8588d963/h11-0.16.0.tar.gz", hash = "sha256:4e35b956cf45792e4caa5885e69fba00bdbc6ffafbfa020300e549b208ee5ff1", size = 101250, upload-time = "2025-04-24T03:35:25.427Z" }
wheels = [
    { url = "https://files.pythonhosted.org/packages/04/4b/29cac41a4d98d144bf5f6d33995617b185d14b22401f75ca86f384e87ff1/h11-0.16.0-py3-none-any.whl", hash = "sha256:63cf8bbe7522de3bf65932fda1d9c2772064ffb3dae62d55932da54b31cb6c86", size = 37515, upload-time = "2025-04-24T03:35:24.344Z" },
]

[[package]]
name = "httpcore"
version = "1.0.9"
source = { registry = "https://pypi.org/simple" }
dependencies = [
    { name = "certifi" },
    { name = "h11" },
]
sdist = { url = "https://files.pythonhosted.org/packages/06/94/82699a10bca87a5556c9c59b5963f2d039dbd239f25bc2a63907a05a14cb/httpcore-1.0.9.tar.gz", hash = "sha256:6e34463af53fd2ab5d807f399a9b45ea31c3dfa2276f15a2c3f00afff6e176e8", size = 85484, upload-time = "2025-04-24T22:06:22.219Z" }
wheels = [
    { url = "https://files.pythonhosted.org/packages/7e/f5/f66802a942d491edb555dd61e3a9961140fd64c90bce1eafd741609d334d/httpcore-1.0.9-py3-none-any.whl", hash = "sha256:2d400746a40668fc9dec9810239072b40b4484b640a8c38fd654a024c7a1bf55", size = 78784, upload-time = "2025-04-24T22:06:20.566Z" },
]

[[package]]
name = "httpx"
version = "0.28.1"
source = { registry = "https://pypi.org/simple" }
dependencies = [
    { name = "anyio" },
    { name = "certifi" },
    { name = "httpcore" },
    { name = "idna" },
]
sdist = { url = "https://files.pythonhosted.org/packages/b1/df/48c586a5fe32a0f01324ee087459e112ebb7224f646c0b5023f5e79e9956/httpx-0.28.1.tar.gz", hash = "sha256:75e98c5f16b0f35b567856f597f06ff2270a374470a5c2392242528e3e3e42fc", size = 141406, upload-time = "2024-12-06T15:37:23.222Z" }
wheels = [
    { url = "https://files.pythonhosted.org/packages/2a/39/e50c7c3a983047577ee07d2a9e53faf5a69493943ec3f6a384bdc792deb2/httpx-0.28.1-py3-none-any.whl", hash = "sha256:d909fcccc110f8c7faf814ca82a9a4d816bc5a6dbfea25d6591d6985b8ba59ad", size = 73517, upload-time = "2024-12-06T15:37:21.509Z" },
]

[[package]]
name = "idna"
version = "3.20"
source = { registry = "https://pypi.org/simple" }
sdist = { url = "https://files.pythonhosted.org/packages/f5/08/8eea9d4b8302028f3abb2c0813953f7aec26d33b7a8960ed760e65ff29fa/idna-3.20.tar.gz", hash = "sha256:a7db850025b95ded1eae8a46181a1a6c56c92c96f0e2b005d9ff8dc0210cab44", size = 216463, upload-time = "2026-09-17T14:11:04.752Z" }
wheels = [
    { url = "https://files.pythonhosted.org/packages/58/a2/bb081bab032533a855d44de1d56f8e8426114ff1ba5d1f07a438a0a654f8/idna-3.20-py3-none-any.whl", hash = "sha256:ab7ae7122974553370f0bdb919e1a960b2cd1bc1ef0276416d896db81c14582c", size = 69583, upload-time = "2026-09-17T14:11:03.168Z" },
]

[[package]]
name = "iniconfig"
version = "2.3.0"
source = { registry = "https://pypi.org/simple" }
sdist = { url = "https://files.pythonhosted.org/packages/72/34/14ca021ce8e5dfedc35312d08ba8bf51fdd999c576889fc2c24cb97f4f10/iniconfig-2.3.0.tar.gz", hash = "sha256:c76315c77db068650d49c5b56314774a7804df16fee4402c1f19d6d15d8c4730", size = 20503, upload-time = "2025-10-18T21:55:43.219Z" }
wheels = [
    { url = "https://files.pythonhosted.org/packages/cb/b1/3846dd7f199d53cb17f49cba7e651e9ce294d8497c8c150530ed11865bb8/iniconfig-2.3.0-py3-none-any.whl", hash = "sha256:f631c04d2c48c52b84d0d0549c99ff3859c98df65b3101406327ecc7d53fbf12", size = 7484, upload-time = "2025-10-18T21:55:41.639Z" },
]

[[package]]
name = "macholib"
version = "1.16.4"
source = { registry = "https://pypi.org/simple" }
dependencies = [
    { name = "altgraph" },
]
sdist = { url = "https://files.pythonhosted.org/packages/10/2f/97589876ea967487978071c9042518d28b958d87b17dceb7cdc1d881f963/macholib-1.16.4.tar.gz", hash = "sha256:f408c93ab2e995cd2c46e34fe328b130404be143469e41bc366c807448979362", size = 59427, upload-time = "2025-11-22T08:28:38.373Z" }
wheels = [
    { url = "https://files.pythonhosted.org/packages/c7/d1/a9f36f8ecdf0fb7c9b1e78c8d7af12b8c8754e74851ac7b94a8305540fc7/macholib-1.16.4-py2.py3-none-any.whl", hash = "sha256:da1a3fa8266e30f0ce7e97c6a54eefaae8edd1e5f86f3eb8b95457cae90265ea", size = 38117, upload-time = "2025-11-22T08:28:36.939Z" },
]

[[package]]
name = "packaging"
version = "26.3"
source = { registry = "https://pypi.org/simple" }
sdist = { url = "https://files.pythonhosted.org/packages/7d/fa/3944b40b07da9ce895c0e6303a5ab7d53da063554f534556b134a54d6093/packaging-26.3.tar.gz", hash = "sha256:94edc256424af38762eb31306eed28beb9f0efc50a8837492c9d6fd6004aed79", size = 313412, upload-time = "2026-08-04T18:15:28.737Z" }
wheels = [
    { url = "https://files.pythonhosted.org/packages/63/34/ba1c580383c9eada3711951fef0795c80b829a078d72188184bcab9dd527/packaging-26.3-py3-none-any.whl", hash = "sha256:d7193f7c8e4e93f444fde0262bf90af30e16fa0ad0ad44cb553c87339b23cd1c", size = 129956, upload-time = "2026-08-04T18:15:27.159Z" },
]

[[package]]
name = "pefile"
version = "2023.2.7"
source = { registry = "https://pypi.org/simple" }
sdist = { url = "https://files.pythonhosted.org/packages/78/c5/3b3c62223f72e2360737fd2a57c30e5b2adecd85e70276879609a7403334/pefile-2023.2.7.tar.gz", hash = "sha256:82e6114004b3d6911c77c3953e3838654b04511b8b66e8583db70c65998017dc", size = 74854, upload-time = "2023-02-07T12:23:55.958Z" }
wheels = [
    { url = "https://files.pythonhosted.org/packages/55/26/d0ad8b448476d0a1e8d3ea5622dc77b916db84c6aa3cb1e1c0965af948fc/pefile-2023.2.7-py3-none-any.whl", hash = "sha256:da185cd2af68c08a6cd4481f7325ed600a88f6a813bad9dea07ab3ef73d8d8d6", size = 71791, upload-time = "2023-02-07T12:28:36.678Z" },
]

[[package]]
name = "pluggy"
version = "1.6.0"
source = { registry = "https://pypi.org/simple" }
sdist = { url = "https://files.pythonhosted.org/packages/f9/e2/3e91f31a7d2b083fe6ef3fa267035b518369d9511ffab804f839851d2779/pluggy-1.6.0.tar.gz", hash = "sha256:7dcc130b76258d33b90f61b658791dede3486c3e6bfb003ee5c9bfb396dd22f3", size = 69412, upload-time = "2025-05-15T12:30:07.975Z" }
wheels = [
    { url = "https://files.pythonhosted.org/packages/54/20/4d324d65cc6d9205fabedc306948156824eb9f0ee1633355a8f7ec5c66bf/pluggy-1.6.0-py3-none-any.whl", hash = "sha256:e920276dd6813095e9377c0bc5566d94c932c33b27a3e3945d8389c374dd4746", size = 20538, upload-time = "2025-05-15T12:30:06.134Z" },
]

[[package]]
name = "polmon"
version = "0.0.7"
source = { editable = "." }
dependencies = [
    { name = "fastapi" },
    { name = "pydantic" },
    { name = "pyyaml" },
    { name = "uvicorn" },
]

[package.optional-dependencies]
build = [
    { name = "pyinstaller" },
]
dev = [
    { name = "httpx" },
    { name = "pytest" },
    { name = "pytest-cov" },
    { name = "ruff" },
]

[package.metadata]
requires-dist = [
    { name = "fastapi", specifier = "==0.115.6" },
    { name = "httpx", marker = "extra == 'dev'", specifier = "==0.28.1" },
    { name = "pydantic", specifier = "==2.10.4" },
    { name = "pyinstaller", marker = "extra == 'build'", specifier = "==6.11.1" },
    { name = "pytest", marker = "extra == 'dev'", specifier = "==8.3.4" },
    { name = "pytest-cov", marker = "extra == 'dev'", specifier = "==6.0.0" },
    { name = "pyyaml", specifier = "==6.0.2" },
    { name = "ruff", marker = "extra == 'dev'", specifier = "==0.8.6" },
    { name = "uvicorn", specifier = "==0.34.0" },
]
provides-extras = ["dev", "build"]

[[package]]
name = "pydantic"
version = "2.10.4"
source = { registry = "https://pypi.org/simple" }
dependencies = [
    { name = "annotated-types" },
    { name = "pydantic-core" },
    { name = "typing-extensions" },
]
sdist = { url = "https://files.pythonhosted.org/packages/70/7e/fb60e6fee04d0ef8f15e4e01ff187a196fa976eb0f0ab524af4599e5754c/pydantic-2.10.4.tar.gz", hash = "sha256:82f12e9723da6de4fe2ba888b5971157b3be7ad914267dea8f05f82b28254f06", size = 762094, upload-time = "2024-12-18T17:09:24.84Z" }
wheels = [
    { url = "https://files.pythonhosted.org/packages/f3/26/3e1bbe954fde7ee22a6e7d31582c642aad9e84ffe4b5fb61e63b87cd326f/pydantic-2.10.4-py3-none-any.whl", hash = "sha256:597e135ea68be3a37552fb524bc7d0d66dcf93d395acd93a00682f1efcb8ee3d", size = 431765, upload-time = "2024-12-18T17:09:21.953Z" },
]

[[package]]
name = "pydantic-core"
version = "2.27.2"
source = { registry = "https://pypi.org/simple" }
dependencies = [
    { name = "typing-extensions" },
]
sdist = { url = "https://files.pythonhosted.org/packages/fc/01/f3e5ac5e7c25833db5eb555f7b7ab24cd6f8c322d3a3ad2d67a952dc0abc/pydantic_core-2.27.2.tar.gz", hash = "sha256:eb026e5a4c1fee05726072337ff51d1efb6f59090b7da90d30ea58625b1ffb39", size = 413443, upload-time = "2024-12-18T11:31:54.917Z" }
wheels = [
    { url = "https://files.pythonhosted.org/packages/d6/74/51c8a5482ca447871c93e142d9d4a92ead74de6c8dc5e66733e22c9bba89/pydantic_core-2.27.2-cp312-cp312-macosx_10_12_x86_64.whl", hash = "sha256:9e0c8cfefa0ef83b4da9588448b6d8d2a2bf1a53c3f1ae5fca39eb3061e2f0b0", size = 1893127, upload-time = "2024-12-18T11:28:30.346Z" },
    { url = "https://files.pythonhosted.org/packages/d3/f3/c97e80721735868313c58b89d2de85fa80fe8dfeeed84dc51598b92a135e/pydantic_core-2.27.2-cp312-cp312-macosx_11_0_arm64.whl", hash = "sha256:83097677b8e3bd7eaa6775720ec8e0405f1575015a463285a92bfdfe254529ef", size = 1811340, upload-time = "2024-12-18T11:28:32.521Z" },
    { url = "https://files.pythonhosted.org/packages/9e/91/840ec1375e686dbae1bd80a9e46c26a1e0083e1186abc610efa3d9a36180/pydantic_core-2.27.2-cp312-cp312-manylinux_2_17_aarch64.manylinux2014_aarch64.whl", hash = "sha256:172fce187655fece0c90d90a678424b013f8fbb0ca8b036ac266749c09438cb7", size = 1822900, upload-time = "2024-12-18T11:28:34.507Z" },
    { url = "https://files.pythonhosted.org/packages/f6/31/4240bc96025035500c18adc149aa6ffdf1a0062a4b525c932065ceb4d868/pydantic_core-2.27.2-cp312-cp312-manylinux_2_17_armv7l.manylinux2014_armv7l.whl", hash = "sha256:519f29f5213271eeeeb3093f662ba2fd512b91c5f188f3bb7b27bc5973816934", size = 1869177, upload-time = "2024-12-18T11:28:36.488Z" },
    { url = "https://files.pythonhosted.org/packages/fa/20/02fbaadb7808be578317015c462655c317a77a7c8f0ef274bc016a784c54/pydantic_core-2.27.2-cp312-cp312-manylinux_2_17_ppc64le.manylinux2014_ppc64le.whl", hash = "sha256:05e3a55d124407fffba0dd6b0c0cd056d10e983ceb4e5dbd10dda135c31071d6", size = 2038046, upload-time = "2024-12-18T11:28:39.409Z" },
    { url = "https://files.pythonhosted.org/packages/06/86/7f306b904e6c9eccf0668248b3f272090e49c275bc488a7b88b0823444a4/pydantic_core-2.27.2-cp312-cp312-manylinux_2_17_s390x.manylinux2014_s390x.whl", hash = "sha256:9c3ed807c7b91de05e63930188f19e921d1fe90de6b4f5cd43ee7fcc3525cb8c", size = 2685386, upload-time = "2024-12-18T11:28:41.221Z" },
    { url = "https://files.pythonhosted.org/packages/8d/f0/49129b27c43396581a635d8710dae54a791b17dfc50c70164866bbf865e3/pydantic_core-2.27.2-cp312-cp312-manylinux_2_17_x86_64.manylinux2014_x86_64.whl", hash = "sha256:6fb4aadc0b9a0c063206846d603b92030eb6f03069151a625667f982887153e2", size = 1997060, upload-time = "2024-12-18T11:28:44.709Z" },
    { url = "https://files.pythonhosted.org/packages/0d/0f/943b4af7cd416c477fd40b187036c4f89b416a33d3cc0ab7b82708a667aa/pydantic_core-2.27.2-cp312-cp312-manylinux_2_5_i686.manylinux1_i686.whl", hash = "sha256:28ccb213807e037460326424ceb8b5245acb88f32f3d2777427476e1b32c48c4", size = 2004870, upload-time = "2024-12-18T11:28:46.839Z" },
    { url = "https://files.pythonhosted.org/packages/35/40/aea70b5b1a63911c53a4c8117c0a828d6790483f858041f47bab0b779f44/pydantic_core-2.27.2-cp312-cp312-musllinux_1_1_aarch64.whl", hash = "sha256:de3cd1899e2c279b140adde9357c4495ed9d47131b4a4eaff9052f23398076b3", size = 1999822, upload-time = "2024-12-18T11:28:48.896Z" },
    { url = "https://files.pythonhosted.org/packages/f2/b3/807b94fd337d58effc5498fd1a7a4d9d59af4133e83e32ae39a96fddec9d/pydantic_core-2.27.2-cp312-cp312-musllinux_1_1_armv7l.whl", hash = "sha256:220f892729375e2d736b97d0e51466252ad84c51857d4d15f5e9692f9ef12be4", size = 2130364, upload-time = "2024-12-18T11:28:50.755Z" },
    { url = "https://files.pythonhosted.org/packages/fc/df/791c827cd4ee6efd59248dca9369fb35e80a9484462c33c6649a8d02b565/pydantic_core-2.27.2-cp312-cp312-musllinux_1_1_x86_64.whl", hash = "sha256:a0fcd29cd6b4e74fe8ddd2c90330fd8edf2e30cb52acda47f06dd615ae72da57", size = 2158303, upload-time = "2024-12-18T11:28:54.122Z" },
    { url = "https://files.pythonhosted.org/packages/9b/67/4e197c300976af185b7cef4c02203e175fb127e414125916bf1128b639a9/pydantic_core-2.27.2-cp312-cp312-win32.whl", hash = "sha256:1e2cb691ed9834cd6a8be61228471d0a503731abfb42f82458ff27be7b2186fc", size = 1834064, upload-time = "2024-12-18T11:28:56.074Z" },
    { url = "https://files.pythonhosted.org/packages/1f/ea/cd7209a889163b8dcca139fe32b9687dd05249161a3edda62860430457a5/pydantic_core-2.27.2-cp312-cp312-win_amd64.whl", hash = "sha256:cc3f1a99a4f4f9dd1de4fe0312c114e740b5ddead65bb4102884b384c15d8bc9", size = 1989046, upload-time = "2024-12-18T11:28:58.107Z" },
    { url = "https://files.pythonhosted.org/packages/bc/49/c54baab2f4658c26ac633d798dab66b4c3a9bbf47cff5284e9c182f4137a/pydantic_core-2.27.2-cp312-cp312-win_arm64.whl", hash = "sha256:3911ac9284cd8a1792d3cb26a2da18f3ca26c6908cc434a18f730dc0db7bfa3b", size = 1885092, upload-time = "2024-12-18T11:29:01.335Z" },
]

[[package]]
name = "pyinstaller"
version = "6.11.1"
source = { registry = "https://pypi.org/simple" }
dependencies = [
    { name = "altgraph" },
    { name = "macholib", marker = "sys_platform == 'darwin'" },
    { name = "packaging" },
    { name = "pefile", marker = "sys_platform == 'win32'" },
    { name = "pyinstaller-hooks-contrib" },
    { name = "pywin32-ctypes", marker = "sys_platform == 'win32'" },
    { name = "setuptools" },
]
sdist = { url = "https://files.pythonhosted.org/packages/55/d4/54f5f5c73b803e6256ea97ffc6ba8a305d9a5f57f85f9b00b282512bf18a/pyinstaller-6.11.1.tar.gz", hash = "sha256:491dfb4d9d5d1d9650d9507daec1ff6829527a254d8e396badd60a0affcb72ef", size = 4249772, upload-time = "2024-11-10T17:01:25.415Z" }
wheels = [
    { url = "https://files.pythonhosted.org/packages/96/15/b0f1c0985ee32fcd2f6ad9a486ef94e4db3fef9af025a3655e76cb708009/pyinstaller-6.11.1-py3-none-macosx_10_13_universal2.whl", hash = "sha256:44e36172de326af6d4e7663b12f71dbd34e2e3e02233e181e457394423daaf03", size = 991780, upload-time = "2024-11-10T17:00:17.242Z" },
    { url = "https://files.pythonhosted.org/packages/fd/0f/9f54cb18abe2b1d89051bc9214c0cb40d7b5f4049c151c315dacc067f4a2/pyinstaller-6.11.1-py3-none-manylinux2014_aarch64.whl", hash = "sha256:6d12c45a29add78039066a53fb05967afaa09a672426072b13816fe7676abfc4", size = 711739, upload-time = "2024-11-10T17:00:21.734Z" },
    { url = "https://files.pythonhosted.org/packages/32/f7/79d10830780eff8339bfa793eece1df4b2459e35a712fc81983e8536cc29/pyinstaller-6.11.1-py3-none-manylinux2014_i686.whl", hash = "sha256:ddc0fddd75f07f7e423da1f0822e389a42af011f9589e0269b87e0d89aa48c1f", size = 714053, upload-time = "2024-11-10T17:00:25.773Z" },
    { url = "https://files.pythonhosted.org/packages/25/f7/9961ef02cdbd2dbb1b1a215292656bd0ea72a83aafd8fb6373513849711e/pyinstaller-6.11.1-py3-none-manylinux2014_ppc64le.whl", hash = "sha256:0d6475559c4939f0735122989611d7f739ed3bf02f666ce31022928f7a7e4fda", size = 719133, upload-time = "2024-11-10T17:00:30.342Z" },
    { url = "https://files.pythonhosted.org/packages/6f/4d/7f854842a1ce798de762a0b0bc5d5a4fc26ad06164a98575dc3c54abed1f/pyinstaller-6.11.1-py3-none-manylinux2014_s390x.whl", hash = "sha256:e21c7806e34f40181e7606926a14579f848bfb1dc52cbca7eea66eccccbfe977", size = 709591, upload-time = "2024-11-10T17:00:34.932Z" },
    { url = "https://files.pythonhosted.org/packages/7f/e0/00d29fc90c3ba50620c61554e26ebb4d764569507be7cd1c8794aa696f9a/pyinstaller-6.11.1-py3-none-manylinux2014_x86_64.whl", hash = "sha256:32c742a24fe65d0702958fadf4040f76de85859c26bec0008766e5dbabc5b68f", size = 710068, upload-time = "2024-11-10T17:00:39.655Z" },
    { url = "https://files.pythonhosted.org/packages/3e/57/d14b44a69f068d2caaee49d15e45f9fa0f37c6a2d2ad778c953c1722a1ca/pyinstaller-6.11.1-py3-none-musllinux_1_1_aarch64.whl", hash = "sha256:208c0ef6dab0837a0a273ea32d1a3619a208e3d1fe3fec3785eea71a77fd00ce", size = 714439, upload-time = "2024-11-10T17:00:43.838Z" },
    { url = "https://files.pythonhosted.org/packages/88/01/256824bb57ca208099c86c2fb289f888ca7732580e91ced48fa14e5903b2/pyinstaller-6.11.1-py3-none-musllinux_1_1_x86_64.whl", hash = "sha256:ad84abf465bcda363c1d54eafa76745d77b6a8a713778348377dc98d12a452f7", size = 710457, upload-time = "2024-11-10T17:00:47.89Z" },
    { url = "https://files.pythonhosted.org/packages/7c/f0/98c9138f5f0ff17462f1ad6d712dcfa643b9a283d6238d464d8145bc139d/pyinstaller-6.11.1-py3-none-win32.whl", hash = "sha256:2e8365276c5131c9bef98e358fbc305e4022db8bedc9df479629d6414021956a", size = 1280261, upload-time = "2024-11-10T17:00:54.688Z" },
    { url = "https://files.pythonhosted.org/packages/7d/08/f43080614b3e8bce481d4dfd580e579497c7dcdaf87656d9d2ad912e5796/pyinstaller-6.11.1-py3-none-win_amd64.whl", hash = "sha256:7ac83c0dc0e04357dab98c487e74ad2adb30e7eb186b58157a8faf46f1fa796f", size = 1340482, upload-time = "2024-11-10T17:01:01.62Z" },
    { url = "https://files.pythonhosted.org/packages/ed/56/953c6594cb66e249563854c9cc04ac5a055c6c99d1614298feeaeaa9b87e/pyinstaller-6.11.1-py3-none-win_arm64.whl", hash = "sha256:35e6b8077d240600bb309ed68bb0b1453fd2b7ab740b66d000db7abae6244423", size = 1267519, upload-time = "2024-11-10T17:01:08.525Z" },
]

[[package]]
name = "pyinstaller-hooks-contrib"
version = "2026.7"
source = { registry = "https://pypi.org/simple" }
dependencies = [
    { name = "packaging" },
]
sdist = { url = "https://files.pythonhosted.org/packages/26/60/d881fa1ba8c160c18d8e6f782bb16ec4640c08bc08fc50f704c368ad4f9e/pyinstaller_hooks_contrib-2026.7.tar.gz", hash = "sha256:5fbcaacb22c4f4aac869a127dce283f67a4b4cfcc37d496f2446603e6d68aefa", size = 175992, upload-time = "2026-08-24T21:26:58.713Z" }
wheels = [
    { url = "https://files.pythonhosted.org/packages/0a/67/350377af7b50416344ab8792756d414eef7629c618a73e9a0b13bb1552d9/pyinstaller_hooks_contrib-2026.7-py3-none-any.whl", hash = "sha256:24257a04c7a5a7a034cf28e39dcee20fbeeb9f043076729480f2e1b69904408a", size = 459445, upload-time = "2026-08-24T21:26:57.274Z" },
]

[[package]]
name = "pytest"
version = "8.3.4"
source = { registry = "https://pypi.org/simple" }
dependencies = [
    { name = "colorama", marker = "sys_platform == 'win32'" },
    { name = "iniconfig" },
    { name = "packaging" },
    { name = "pluggy" },
]
sdist = { url = "https://files.pythonhosted.org/packages/05/35/30e0d83068951d90a01852cb1cef56e5d8a09d20c7f511634cc2f7e0372a/pytest-8.3.4.tar.gz", hash = "sha256:965370d062bce11e73868e0335abac31b4d3de0e82f4007408d242b4f8610761", size = 1445919, upload-time = "2024-12-01T12:54:25.98Z" }
wheels = [
    { url = "https://files.pythonhosted.org/packages/11/92/76a1c94d3afee238333bc0a42b82935dd8f9cf8ce9e336ff87ee14d9e1cf/pytest-8.3.4-py3-none-any.whl", hash = "sha256:50e16d954148559c9a74109af1eaf0c945ba2d8f30f0a3d3335edde19788b6f6", size = 343083, upload-time = "2024-12-01T12:54:19.735Z" },
]

[[package]]
name = "pytest-cov"
version = "6.0.0"
source = { registry = "https://pypi.org/simple" }
dependencies = [
    { name = "coverage" },
    { name = "pytest" },
]
sdist = { url = "https://files.pythonhosted.org/packages/be/45/9b538de8cef30e17c7b45ef42f538a94889ed6a16f2387a6c89e73220651/pytest-cov-6.0.0.tar.gz", hash = "sha256:fde0b595ca248bb8e2d76f020b465f3b107c9632e6a1d1705f17834c89dcadc0", size = 66945, upload-time = "2024-10-29T20:13:35.363Z" }
wheels = [
    { url = "https://files.pythonhosted.org/packages/36/3b/48e79f2cd6a61dbbd4807b4ed46cb564b4fd50a76166b1c4ea5c1d9e2371/pytest_cov-6.0.0-py3-none-any.whl", hash = "sha256:eee6f1b9e61008bd34975a4d5bab25801eb31898b032dd55addc93e96fcaaa35", size = 22949, upload-time = "2024-10-29T20:13:33.215Z" },
]

[[package]]
name = "pywin32-ctypes"
version = "0.2.3"
source = { registry = "https://pypi.org/simple" }
sdist = { url = "https://files.pythonhosted.org/packages/85/9f/01a1a99704853cb63f253eea009390c88e7131c67e66a0a02099a8c917cb/pywin32-ctypes-0.2.3.tar.gz", hash = "sha256:d162dc04946d704503b2edc4d55f3dba5c1d539ead017afa00142c38b9885755", size = 29471, upload-time = "2024-08-14T10:15:34.626Z" }
wheels = [
    { url = "https://files.pythonhosted.org/packages/de/3d/8161f7711c017e01ac9f008dfddd9410dff3674334c233bde66e7ba65bbf/pywin32_ctypes-0.2.3-py3-none-any.whl", hash = "sha256:8a1513379d709975552d202d942d9837758905c8d01eb82b8bcc30918929e7b8", size = 30756, upload-time = "2024-08-14T10:15:33.187Z" },
]

[[package]]
name = "pyyaml"
version = "6.0.2"
source = { registry = "https://pypi.org/simple" }
sdist = { url = "https://files.pythonhosted.org/packages/54/ed/79a089b6be93607fa5cdaedf301d7dfb23af5f25c398d5ead2525b063e17/pyyaml-6.0.2.tar.gz", hash = "sha256:d584d9ec91ad65861cc08d42e834324ef890a082e591037abe114850ff7bbc3e", size = 130631, upload-time = "2024-08-06T20:33:50.674Z" }
wheels = [
    { url = "https://files.pythonhosted.org/packages/86/0c/c581167fc46d6d6d7ddcfb8c843a4de25bdd27e4466938109ca68492292c/PyYAML-6.0.2-cp312-cp312-macosx_10_9_x86_64.whl", hash = "sha256:c70c95198c015b85feafc136515252a261a84561b7b1d51e3384e0655ddf25ab", size = 183873, upload-time = "2024-08-06T20:32:25.131Z" },
    { url = "https://files.pythonhosted.org/packages/a8/0c/38374f5bb272c051e2a69281d71cba6fdb983413e6758b84482905e29a5d/PyYAML-6.0.2-cp312-cp312-macosx_11_0_arm64.whl", hash = "sha256:ce826d6ef20b1bc864f0a68340c8b3287705cae2f8b4b1d932177dcc76721725", size = 173302, upload-time = "2024-08-06T20:32:26.511Z" },
    { url = "https://files.pythonhosted.org/packages/c3/93/9916574aa8c00aa06bbac729972eb1071d002b8e158bd0e83a3b9a20a1f7/PyYAML-6.0.2-cp312-cp312-manylinux_2_17_aarch64.manylinux2014_aarch64.whl", hash = "sha256:1f71ea527786de97d1a0cc0eacd1defc0985dcf6b3f17bb77dcfc8c34bec4dc5", size = 739154, upload-time = "2024-08-06T20:32:28.363Z" },
    { url = "https://files.pythonhosted.org/packages/95/0f/b8938f1cbd09739c6da569d172531567dbcc9789e0029aa070856f123984/PyYAML-6.0.2-cp312-cp312-manylinux_2_17_s390x.manylinux2014_s390x.whl", hash = "sha256:9b22676e8097e9e22e36d6b7bda33190d0d400f345f23d4065d48f4ca7ae0425", size = 766223, upload-time = "2024-08-06T20:32:30.058Z" },
    { url = "https://files.pythonhosted.org/packages/b9/2b/614b4752f2e127db5cc206abc23a8c19678e92b23c3db30fc86ab731d3bd/PyYAML-6.0.2-cp312-cp312-manylinux_2_17_x86_64.manylinux2014_x86_64.whl", hash = "sha256:80bab7bfc629882493af4aa31a4cfa43a4c57c83813253626916b8c7ada83476", size = 767542, upload-time = "2024-08-06T20:32:31.881Z" },
    { url = "https://files.pythonhosted.org/packages/d4/00/dd137d5bcc7efea1836d6264f049359861cf548469d18da90cd8216cf05f/PyYAML-6.0.2-cp312-cp312-musllinux_1_1_aarch64.whl", hash = "sha256:0833f8694549e586547b576dcfaba4a6b55b9e96098b36cdc7ebefe667dfed48", size = 731164, upload-time = "2024-08-06T20:32:37.083Z" },
    { url = "https://files.pythonhosted.org/packages/c9/1f/4f998c900485e5c0ef43838363ba4a9723ac0ad73a9dc42068b12aaba4e4/PyYAML-6.0.2-cp312-cp312-musllinux_1_1_x86_64.whl", hash = "sha256:8b9c7197f7cb2738065c481a0461e50ad02f18c78cd75775628afb4d7137fb3b", size = 756611, upload-time = "2024-08-06T20:32:38.898Z" },
    { url = "https://files.pythonhosted.org/packages/df/d1/f5a275fdb252768b7a11ec63585bc38d0e87c9e05668a139fea92b80634c/PyYAML-6.0.2-cp312-cp312-win32.whl", hash = "sha256:ef6107725bd54b262d6dedcc2af448a266975032bc85ef0172c5f059da6325b4", size = 140591, upload-time = "2024-08-06T20:32:40.241Z" },
    { url = "https://files.pythonhosted.org/packages/0c/e8/4f648c598b17c3d06e8753d7d13d57542b30d56e6c2dedf9c331ae56312e/PyYAML-6.0.2-cp312-cp312-win_amd64.whl", hash = "sha256:7e7401d0de89a9a855c839bc697c079a4af81cf878373abd7dc625847d25cbd8", size = 156338, upload-time = "2024-08-06T20:32:41.93Z" },
]

[[package]]
name = "ruff"
version = "0.8.6"
source = { registry = "https://pypi.org/simple" }
sdist = { url = "https://files.pythonhosted.org/packages/da/00/089db7890ea3be5709e3ece6e46408d6f1e876026ec3fd081ee585fef209/ruff-0.8.6.tar.gz", hash = "sha256:dcad24b81b62650b0eb8814f576fc65cfee8674772a6e24c9b747911801eeaa5", size = 3473116, upload-time = "2025-01-04T12:23:00.794Z" }
wheels = [
    { url = "https://files.pythonhosted.org/packages/d7/28/aa07903694637c2fa394a9f4fe93cf861ad8b09f1282fa650ef07ff9fe97/ruff-0.8.6-py3-none-linux_armv6l.whl", hash = "sha256:defed167955d42c68b407e8f2e6f56ba52520e790aba4ca707a9c88619e580e3", size = 10628735, upload-time = "2025-01-04T12:21:53.632Z" },
    { url = "https://files.pythonhosted.org/packages/2b/43/827bb1448f1fcb0fb42e9c6edf8fb067ca8244923bf0ddf12b7bf949065c/ruff-0.8.6-py3-none-macosx_10_12_x86_64.whl", hash = "sha256:54799ca3d67ae5e0b7a7ac234baa657a9c1784b48ec954a094da7c206e0365b1", size = 10386758, upload-time = "2025-01-04T12:22:00.349Z" },
    { url = "https://files.pythonhosted.org/packages/df/93/fc852a81c3cd315b14676db3b8327d2bb2d7508649ad60bfdb966d60738d/ruff-0.8.6-py3-none-macosx_11_0_arm64.whl", hash = "sha256:e88b8f6d901477c41559ba540beeb5a671e14cd29ebd5683903572f4b40a9807", size = 10007808, upload-time = "2025-01-04T12:22:04.413Z" },
    { url = "https://files.pythonhosted.org/packages/94/e9/e0ed4af1794335fb280c4fac180f2bf40f6a3b859cae93a5a3ada27325ae/ruff-0.8.6-py3-none-manylinux_2_17_aarch64.manylinux2014_aarch64.whl", hash = "sha256:0509e8da430228236a18a677fcdb0c1f102dd26d5520f71f79b094963322ed25", size = 10861031, upload-time = "2025-01-04T12:22:09.252Z" },
    { url = "https://files.pythonhosted.org/packages/82/68/da0db02f5ecb2ce912c2bef2aa9fcb8915c31e9bc363969cfaaddbc4c1c2/ruff-0.8.6-py3-none-manylinux_2_17_armv7l.manylinux2014_armv7l.whl", hash = "sha256:91a7ddb221779871cf226100e677b5ea38c2d54e9e2c8ed847450ebbdf99b32d", size = 10388246, upload-time = "2025-01-04T12:22:12.63Z" },
    { url = "https://files.pythonhosted.org/packages/ac/1d/b85383db181639019b50eb277c2ee48f9f5168f4f7c287376f2b6e2a6dc2/ruff-0.8.6-py3-none-manylinux_2_17_i686.manylinux2014_i686.whl", hash = "sha256:248b1fb3f739d01d528cc50b35ee9c4812aa58cc5935998e776bf8ed5b251e75", size = 11424693, upload-time = "2025-01-04T12:22:17.244Z" },
    { url = "https://files.pythonhosted.org/packages/ac/b7/30bc78a37648d31bfc7ba7105b108cb9091cd925f249aa533038ebc5a96f/ruff-0.8.6-py3-none-manylinux_2_17_ppc64.manylinux2014_ppc64.whl", hash = "sha256:bc3c083c50390cf69e7e1b5a5a7303898966be973664ec0c4a4acea82c1d4315", size = 12141921, upload-time = "2025-01-04T12:22:20.456Z" },
    { url = "https://files.pythonhosted.org/packages/60/b3/ee0a14cf6a1fbd6965b601c88d5625d250b97caf0534181e151504498f86/ruff-0.8.6-py3-none-manylinux_2_17_ppc64le.manylinux2014_ppc64le.whl", hash = "sha256:52d587092ab8df308635762386f45f4638badb0866355b2b86760f6d3c076188", size = 11692419, upload-time = "2025-01-04T12:22:23.62Z" },
    { url = "https://files.pythonhosted.org/packages/ef/d6/c597062b2931ba3e3861e80bd2b147ca12b3370afc3889af46f29209037f/ruff-0.8.6-py3-none-manylinux_2_17_s390x.manylinux2014_s390x.whl", hash = "sha256:61323159cf21bc3897674e5adb27cd9e7700bab6b84de40d7be28c3d46dc67cf", size = 12981648, upload-time = "2025-01-04T12:22:26.663Z" },
    { url = "https://files.pythonhosted.org/packages/68/84/21f578c2a4144917985f1f4011171aeff94ab18dfa5303ac632da2f9af36/ruff-0.8.6-py3-none-manylinux_2_17_x86_64.manylinux2014_x86_64.whl", hash = "sha256:7ae4478b1471fc0c44ed52a6fb787e641a2ac58b1c1f91763bafbc2faddc5117", size = 11251801, upload-time = "2025-01-04T12:22:29.59Z" },
    { url = "https://files.pythonhosted.org/packages/6c/aa/1ac02537c8edeb13e0955b5db86b5c050a1dcba54f6d49ab567decaa59c1/ruff-0.8.6-py3-none-musllinux_1_2_aarch64.whl", hash = "sha256:0c000a471d519b3e6cfc9c6680025d923b4ca140ce3e4612d1a2ef58e11f11fe", size = 10849857, upload-time = "2025-01-04T12:22:33.536Z" },
    { url = "https://files.pythonhosted.org/packages/eb/00/020cb222252d833956cb3b07e0e40c9d4b984fbb2dc3923075c8f944497d/ruff-0.8.6-py3-none-musllinux_1_2_armv7l.whl", hash = "sha256:9257aa841e9e8d9b727423086f0fa9a86b6b420fbf4bf9e1465d1250ce8e4d8d", size = 10470852, upload-time = "2025-01-04T12:22:36.374Z" },
    { url = "https://files.pythonhosted.org/packages/00/56/e6d6578202a0141cd52299fe5acb38b2d873565f4670c7a5373b637cf58d/ruff-0.8.6-py3-none-musllinux_1_2_i686.whl", hash = "sha256:45a56f61b24682f6f6709636949ae8cc82ae229d8d773b4c76c09ec83964a95a", size = 10972997, upload-time = "2025-01-04T12:22:41.424Z" },
    { url = "https://files.pythonhosted.org/packages/be/31/dd0db1f4796bda30dea7592f106f3a67a8f00bcd3a50df889fbac58e2786/ruff-0.8.6-py3-none-musllinux_1_2_x86_64.whl", hash = "sha256:496dd38a53aa173481a7d8866bcd6451bd934d06976a2505028a50583e001b76", size = 11317760, upload-time = "2025-01-04T12:22:44.541Z" },
    { url = "https://files.pythonhosted.org/packages/d4/70/cfcb693dc294e034c6fed837fa2ec98b27cc97a26db5d049345364f504bf/ruff-0.8.6-py3-none-win32.whl", hash = "sha256:e169ea1b9eae61c99b257dc83b9ee6c76f89042752cb2d83486a7d6e48e8f764", size = 8799729, upload-time = "2025-01-04T12:22:49.016Z" },
    { url = "https://files.pythonhosted.org/packages/60/22/ae6bcaa0edc83af42751bd193138bfb7598b2990939d3e40494d6c00698c/ruff-0.8.6-py3-none-win_amd64.whl", hash = "sha256:f1d70bef3d16fdc897ee290d7d20da3cbe4e26349f62e8a0274e7a3f4ce7a905", size = 9673857, upload-time = "2025-01-04T12:22:53.052Z" },
    { url = "https://files.pythonhosted.org/packages/91/f8/3765e053acd07baa055c96b2065c7fab91f911b3c076dfea71006666f5b0/ruff-0.8.6-py3-none-win_arm64.whl", hash = "sha256:7d7fc2377a04b6e04ffe588caad613d0c460eb2ecba4c0ccbbfe2bc973cbc162", size = 9149556, upload-time = "2025-01-04T12:22:57.173Z" },
]

[[package]]
name = "setuptools"
version = "84.0.0"
source = { registry = "https://pypi.org/simple" }
sdist = { url = "https://files.pythonhosted.org/packages/6d/44/f5da03a8ef95d369145c5bb53050e7877c9f3d312e128605fd9504829143/setuptools-84.0.0.tar.gz", hash = "sha256:f4695c21257f0d9b537ec2692c941d02ee143b7cc1276941349a546573b2ef73", size = 1168449, upload-time = "2026-08-08T18:27:58.365Z" }
wheels = [
    { url = "https://files.pythonhosted.org/packages/95/9c/c510029fc6ef33a6275cd2c5d3cecd6613dfd6aa401d57c54f1c18852ccf/setuptools-84.0.0-py3-none-any.whl", hash = "sha256:51a52592b3b99e102b609654876bd65f19f999935166d1352678931132b0c670", size = 818216, upload-time = "2026-08-08T18:27:56.719Z" },
]

[[package]]
name = "starlette"
version = "0.41.3"
source = { registry = "https://pypi.org/simple" }
dependencies = [
    { name = "anyio" },
]
sdist = { url = "https://files.pythonhosted.org/packages/1a/4c/9b5764bd22eec91c4039ef4c55334e9187085da2d8a2df7bd570869aae18/starlette-0.41.3.tar.gz", hash = "sha256:0e4ab3d16522a255be6b28260b938eae2482f98ce5cc934cb08dce8dc3ba5835", size = 2574159, upload-time = "2024-11-18T19:45:04.283Z" }
wheels = [
    { url = "https://files.pythonhosted.org/packages/96/00/2b325970b3060c7cecebab6d295afe763365822b1306a12eeab198f74323/starlette-0.41.3-py3-none-any.whl", hash = "sha256:44cedb2b7c77a9de33a8b74b2b90e9f50d11fcf25d8270ea525ad71a25374ff7", size = 73225, upload-time = "2024-11-18T19:45:02.027Z" },
]

[[package]]
name = "typing-extensions"
version = "4.16.0"
source = { registry = "https://pypi.org/simple" }
sdist = { url = "https://files.pythonhosted.org/packages/f6/cc/6253133b5bb138fc3306cebfbda2c520f545d36b5be2c7255cc528bb45d6/typing_extensions-4.16.0.tar.gz", hash = "sha256:dc983d19a509c94dba722ee6abd33940f7c05a89e243c47e907eb4db6f1a43e5", size = 113555, upload-time = "2026-07-02T08:40:05.92Z" }
wheels = [
    { url = "https://files.pythonhosted.org/packages/49/d3/b8441a820a491ddfc024b0b0cf0393375b75ea13866d9c66727e54c2fc80/typing_extensions-4.16.0-py3-none-any.whl", hash = "sha256:481caa481374e813c1b176ada14e97f1f67a4539ce9cfeb3f350d78d6370c2e8", size = 45571, upload-time = "2026-07-02T08:40:04.659Z" },
]

[[package]]
name = "uvicorn"
version = "0.34.0"
source = { registry = "https://pypi.org/simple" }
dependencies = [
    { name = "click" },
    { name = "h11" },
]
sdist = { url = "https://files.pythonhosted.org/packages/4b/4d/938bd85e5bf2edeec766267a5015ad969730bb91e31b44021dfe8b22df6c/uvicorn-0.34.0.tar.gz", hash = "sha256:404051050cd7e905de2c9a7e61790943440b3416f49cb409f965d9dcd0fa73e9", size = 76568, upload-time = "2024-12-15T13:33:30.42Z" }
wheels = [
    { url = "https://files.pythonhosted.org/packages/61/14/33a3a1352cfa71812a3a21e8c9bfb83f60b0011f5e36f2b1399d51928209/uvicorn-0.34.0-py3-none-any.whl", hash = "sha256:023dc038422502fa28a09c7a30bf2b6991512da7dcdb8fd35fe57cfc154126f4", size = 62315, upload-time = "2024-12-15T13:33:27.467Z" },
]
